PODS:
  - AFNetworking (2.5.4):
    - AFNetworking/NSURLConnection (= 2.5.4)
    - AFNetworking/NSURLSession (= 2.5.4)
    - AFNetworking/Reachability (= 2.5.4)
    - AFNetworking/Security (= 2.5.4)
    - AFNetworking/Serialization (= 2.5.4)
    - AFNetworking/UIKit (= 2.5.4)
  - AFNetworking/NSURLConnection (2.5.4):
    - AFNetworking/Reachability
    - AFNetworking/Security
    - AFNetworking/Serialization
  - AFNetworking/NSURLSession (2.5.4):
    - AFNetworking/Reachability
    - AFNetworking/Security
    - AFNetworking/Serialization
  - AFNetworking/Reachability (2.5.4)
  - AFNetworking/Security (2.5.4)
  - AFNetworking/Serialization (2.5.4)
  - AFNetworking/UIKit (2.5.4):
    - AFNetworking/NSURLConnection
    - AFNetworking/NSURLSession
  - HappyDNS (0.2.3)
  - Qiniu (7.0.13):
    - AFNetworking (~> 2.0)
    - HappyDNS (~> 0.2)

DEPENDENCIES:
  - AFNetworking (~> 2.5.4)
  - Qiniu (~> 7.0)

SPEC CHECKSUMS:
  AFNetworking: 05edc0ac4c4c8cf57bcf4b84be5b0744b6d8e71e
  HappyDNS: 6d85942e64c28b4fa61f8c76580398f52d6d1d11
  Qiniu: d899770cc7b9a7abb3bff9fd993adc93c9475d45

PODFILE CHECKSUM: a3c0df06e74d671b82205a60713939b50952df95

COCOAPODS: 1.0.0
